
Microsoft Visual Studio Solution File, Format Version 12.00
# Visual Studio 14
VisualStudioVersion = 14.0.25420.1
MinimumVisualStudioVersion = 10.0.40219.1
Project("{FAE04EC0-301F-11D3-BF4B-00C04F79EFBC}") = "FCP.IdentityServer3.EntityFramework", "src\FCP.IdentityServer3.EntityFramework\FCP.IdentityServer3.EntityFramework.csproj", "{78F7C8E4-6619-4B20-A382-14153013FBF4}"
EndProject
Project("{FAE04EC0-301F-11D3-BF4B-00C04F79EFBC}") = "FCP.IdentityServer3.EntityFramework.MySql", "src\FCP.IdentityServer3.EntityFramework.MySql\FCP.IdentityServer3.EntityFramework.MySql.csproj", "{7F42156C-9253-43F4-9C1E-24E37D219AEC}"
EndProject
Project("{FAE04EC0-301F-11D3-BF4B-00C04F79EFBC}") = "FCP.IdentityServer3.Admin.EntityFramework", "src\FCP.IdentityServer3.Admin.EntityFramework\FCP.IdentityServer3.Admin.EntityFramework.csproj", "{8CF21897-2A6F-47BE-9887-50A9640FFFB6}"
EndProject
Project("{FAE04EC0-301F-11D3-BF4B-00C04F79EFBC}") = "FCP.IdentityServer3.Admin.EntityFramework.MySql", "src\FCP.IdentityServer3.Admin.EntityFramework.MySql\FCP.IdentityServer3.Admin.EntityFramework.MySql.csproj", "{20EC6457-D738-4292-9BCD-0F8C48C94A2E}"
EndProject
Global
	GlobalSection(SolutionConfigurationPlatforms) = preSolution
		Debug|Any CPU = Debug|Any CPU
		Release|Any CPU = Release|Any CPU
	EndGlobalSection
	GlobalSection(ProjectConfigurationPlatforms) = postSolution
		{78F7C8E4-6619-4B20-A382-14153013FBF4}.Debug|Any CPU.ActiveCfg = Debug|Any CPU
		{78F7C8E4-6619-4B20-A382-14153013FBF4}.Debug|Any CPU.Build.0 = Debug|Any CPU
		{78F7C8E4-6619-4B20-A382-14153013FBF4}.Release|Any CPU.ActiveCfg = Release|Any CPU
		{78F7C8E4-6619-4B20-A382-14153013FBF4}.Release|Any CPU.Build.0 = Release|Any CPU
		{7F42156C-9253-43F4-9C1E-24E37D219AEC}.Debug|Any CPU.ActiveCfg = Debug|Any CPU
		{7F42156C-9253-43F4-9C1E-24E37D219AEC}.Debug|Any CPU.Build.0 = Debug|Any CPU
		{7F42156C-9253-43F4-9C1E-24E37D219AEC}.Release|Any CPU.ActiveCfg = Release|Any CPU
		{7F42156C-9253-43F4-9C1E-24E37D219AEC}.Release|Any CPU.Build.0 = Release|Any CPU
		{8CF21897-2A6F-47BE-9887-50A9640FFFB6}.Debug|Any CPU.ActiveCfg = Debug|Any CPU
		{8CF21897-2A6F-47BE-9887-50A9640FFFB6}.Debug|Any CPU.Build.0 = Debug|Any CPU
		{8CF21897-2A6F-47BE-9887-50A9640FFFB6}.Release|Any CPU.ActiveCfg = Release|Any CPU
		{8CF21897-2A6F-47BE-9887-50A9640FFFB6}.Release|Any CPU.Build.0 = Release|Any CPU
		{20EC6457-D738-4292-9BCD-0F8C48C94A2E}.Debug|Any CPU.ActiveCfg = Debug|Any CPU
		{20EC6457-D738-4292-9BCD-0F8C48C94A2E}.Debug|Any CPU.Build.0 = Debug|Any CPU
		{20EC6457-D738-4292-9BCD-0F8C48C94A2E}.Release|Any CPU.ActiveCfg = Release|Any CPU
		{20EC6457-D738-4292-9BCD-0F8C48C94A2E}.Release|Any CPU.Build.0 = Release|Any CPU
	EndGlobalSection
	GlobalSection(SolutionProperties) = preSolution
		HideSolutionNode = FALSE
	EndGlobalSection
EndGlobal
